// !$*UTF8*$!
{
	archiveVersion = 1;
	classes = {
	};
	objectVersion = 50;
	objects = {

/* Begin PBXBuildFile section */
		96727515264545ED004D5380 /* LinkLoanView.swift in Sources */ = {isa = PBXBuildFile; fileRef = 96727514264545ED004D5380 /* LinkLoanView.swift */; };
		9672751726455188004D5380 /* LinkPaymentView.swift in Sources */ = {isa = PBXBuildFile; fileRef = 9672751626455188004D5380 /* LinkPaymentView.swift */; };
		96C473302644BD270003DB76 /* LoanManagerApp.swift in Sources */ = {isa = PBXBuildFile; fileRef = 96C4732F2644BD270003DB76 /* LoanManagerApp.swift */; };
		96C473322644BD270003DB76 /* ContentView.swift in Sources */ = {isa = PBXBuildFile; fileRef = 96C473312644BD270003DB76 /* ContentView.swift */; };
		96C473342644BD280003DB76 /* Assets.xcassets in Resources */ = {isa = PBXBuildFile; fileRef = 96C473332644BD280003DB76 /* Assets.xcassets */; };
		96C473372644BD280003DB76 /* Preview Assets.xcassets in Resources */ = {isa = PBXBuildFile; fileRef = 96C473362644BD280003DB76 /* Preview Assets.xcassets */; };
		96C473392644BD280003DB76 /* Persistence.swift in Sources */ = {isa = PBXBuildFile; fileRef = 96C473382644BD280003DB76 /* Persistence.swift */; };
		96C4733C2644BD280003DB76 /* LoanManager.xcdatamodeld in Sources */ = {isa = PBXBuildFile; fileRef = 96C4733A2644BD280003DB76 /* LoanManager.xcdatamodeld */; };
		96C473452644C6E80003DB76 /* Data.swift in Sources */ = {isa = PBXBuildFile; fileRef = 96C473442644C6E80003DB76 /* Data.swift */; };
		96C4734A2644DBEA0003DB76 /* ItemView.swift in Sources */ = {isa = PBXBuildFile; fileRef = 96C473492644DBEA0003DB76 /* ItemView.swift */; };
		96C4734C2644E2F30003DB76 /* LoanView.swift in Sources */ = {isa = PBXBuildFile; fileRef = 96C4734B2644E2F30003DB76 /* LoanView.swift */; };
		96C4734E2644E3D10003DB76 /* PaymentView.swift in Sources */ = {isa = PBXBuildFile; fileRef = 96C4734D2644E3D10003DB76 /* PaymentView.swift */; };
/* End PBXBuildFile section */

/* Begin PBXFileReference section */
		96727514264545ED004D5380 /* LinkLoanView.swift */ = {isa = PBXFileReference; lastKnownFileType = sourcecode.swift; path = LinkLoanView.swift; sourceTree = "<group>"; };
		9672751626455188004D5380 /* LinkPaymentView.swift */ = {isa = PBXFileReference; lastKnownFileType = sourcecode.swift; path = LinkPaymentView.swift; sourceTree = "<group>"; };
		96C4732C2644BD270003DB76 /* LoanManager.app */ = {isa = PBXFileReference; explicitFileType = wrapper.application; includeInIndex = 0; path = LoanManager.app; sourceTree = BUILT_PRODUCTS_DIR; };
		96C4732F2644BD270003DB76 /* LoanManagerApp.swift */ = {isa = PBXFileReference; lastKnownFileType = sourcecode.swift; path = LoanManagerApp.swift; sourceTree = "<group>"; };
		96C473312644BD270003DB76 /* ContentView.swift */ = {isa = PBXFileReference; lastKnownFileType = sourcecode.swift; path = ContentView.swift; sourceTree = "<group>"; };
		96C473332644BD280003DB76 /* Assets.xcassets */ = {isa = PBXFileReference; lastKnownFileType = folder.assetcatalog; path = Assets.xcassets; sourceTree = "<group>"; };
		96C473362644BD280003DB76 /* Preview Assets.xcassets */ = {isa = PBXFileReference; lastKnownFileType = folder.assetcatalog; path = "Preview Assets.xcassets"; sourceTree = "<group>"; };
		96C473382644BD280003DB76 /* Persistence.swift */ = {isa = PBXFileReference; lastKnownFileType = sourcecode.swift; path = Persistence.swift; sourceTree = "<group>"; };
		96C4733B2644BD280003DB76 /* LoanManager.xcdatamodel */ = {isa = PBXFileReference; lastKnownFileType = wrapper.xcdatamodel; path = LoanManager.xcdatamodel; sourceTree = "<group>"; };
		96C4733D2644BD280003DB76 /* Info.plist */ = {isa = PBXFileReference; lastKnownFileType = text.plist.xml; path = Info.plist; sourceTree = "<group>"; };
		96C473442644C6E80003DB76 /* Data.swift */ = {isa = PBXFileReference; lastKnownFileType = sourcecode.swift; path = Data.swift; sourceTree = "<group>"; };
		96C473492644DBEA0003DB76 /* ItemView.swift */ = {isa = PBXFileReference; lastKnownFileType = sourcecode.swift; path = ItemView.swift; sourceTree = "<group>"; };
		96C4734B2644E2F30003DB76 /* LoanView.swift */ = {isa = PBXFileReference; lastKnownFileType = sourcecode.swift; path = LoanView.swift; sourceTree = "<group>"; };
		96C4734D2644E3D10003DB76 /* PaymentView.swift */ = {isa = PBXFileReference; lastKnownFileType = sourcecode.swift; path = PaymentView.swift; sourceTree = "<group>"; };
/* End PBXFileReference section */

/* Begin PBXFrameworksBuildPhase section */
		96C473292644BD270003DB76 /* Frameworks */ = {
			isa = PBXFrameworksBuildPhase;
			buildActionMask = 2147483647;
			files = (
			);
			runOnlyForDeploymentPostprocessing = 0;
		};
/* End PBXFrameworksBuildPhase section */

/* Begin PBXGroup section */
		96C473232644BD270003DB76 = {
			isa = PBXGroup;
			children = (
				96C4732E2644BD270003DB76 /* LoanManager */,
				96C4732D2644BD270003DB76 /* Products */,
			);
			sourceTree = "<group>";
		};
		96C4732D2644BD270003DB76 /* Products */ = {
			isa = PBXGroup;
			children = (
				96C4732C2644BD270003DB76 /* LoanManager.app */,
			);
			name = Products;
			sourceTree = "<group>";
		};
		96C4732E2644BD270003DB76 /* LoanManager */ = {
			isa = PBXGroup;
			children = (
				96C473482644DBCE0003DB76 /* Views */,
				96C473432644C6CF0003DB76 /* Models */,
				96C4732F2644BD270003DB76 /* LoanManagerApp.swift */,
				96C473312644BD270003DB76 /* ContentView.swift */,
				96C473332644BD280003DB76 /* Assets.xcassets */,
				96C473382644BD280003DB76 /* Persistence.swift */,
				96C4733D2644BD280003DB76 /* Info.plist */,
				96C4733A2644BD280003DB76 /* LoanManager.xcdatamodeld */,
				96C473352644BD280003DB76 /* Preview Content */,
			);
			path = LoanManager;
			sourceTree = "<group>";
		};
		96C473352644BD280003DB76 /* Preview Content */ = {
			isa = PBXGroup;
			children = (
				96C473362644BD280003DB76 /* Preview Assets.xcassets */,
			);
			path = "Preview Content";
			sourceTree = "<group>";
		};
		96C473432644C6CF0003DB76 /* Models */ = {
			isa = PBXGroup;
			children = (
				96C473442644C6E80003DB76 /* Data.swift */,
			);
			path = Models;
			sourceTree = "<group>";
		};
		96C473482644DBCE0003DB76 /* Views */ = {
			isa = PBXGroup;
			children = (
				96C473492644DBEA0003DB76 /* ItemView.swift */,
				96C4734B2644E2F30003DB76 /* LoanView.swift */,
				96C4734D2644E3D10003DB76 /* PaymentView.swift */,
				96727514264545ED004D5380 /* LinkLoanView.swift */,
				9672751626455188004D5380 /* LinkPaymentView.swift */,
			);
			path = Views;
			sourceTree = "<group>";
		};
/* End PBXGroup section */

/* Begin PBXNativeTarget section */
		96C4732B2644BD270003DB76 /* LoanManager */ = {
			isa = PBXNativeTarget;
			buildConfigurationList = 96C473402644BD280003DB76 /* Build configuration list for PBXNativeTarget "LoanManager" */;
			buildPhases = (
				96C473282644BD270003DB76 /* Sources */,
				96C473292644BD270003DB76 /* Frameworks */,
				96C4732A2644BD270003DB76 /* Resources */,
			);
			buildRules = (
			);
			dependencies = (
			);
			name = LoanManager;
			productName = LoanManager;
			productReference = 96C4732C2644BD270003DB76 /* LoanManager.app */;
			productType = "com.apple.product-type.application";
		};
/* End PBXNativeTarget section */

/* Begin PBXProject section */
		96C473242644BD270003DB76 /* Project object */ = {
			isa = PBXProject;
			attributes = {
				LastSwiftUpdateCheck = 1250;
				LastUpgradeCheck = 1250;
				TargetAttributes = {
					96C4732B2644BD270003DB76 = {
						CreatedOnToolsVersion = 12.5;
					};
				};
			};
			buildConfigurationList = 96C473272644BD270003DB76 /* Build configuration list for PBXProject "LoanManager" */;
			compatibilityVersion = "Xcode 9.3";
			developmentRegion = en;
			hasScannedForEncodings = 0;
			knownRegions = (
				en,
				Base,
			);
			mainGroup = 96C473232644BD270003DB76;
			productRefGroup = 96C4732D2644BD270003DB76 /* Products */;
			projectDirPath = "";
			projectRoot = "";
			targets = (
				96C4732B2644BD270003DB76 /* LoanManager */,
			);
		};
/* End PBXProject section */

/* Begin PBXResourcesBuildPhase section */
		96C4732A2644BD270003DB76 /* Resources */ = {
			isa = PBXResourcesBuildPhase;
			buildActionMask = 2147483647;
			files = (
				96C473372644BD280003DB76 /* Preview Assets.xcassets in Resources */,
				96C473342644BD280003DB76 /* Assets.xcassets in Resources */,
			);
			runOnlyForDeploymentPostprocessing = 0;
		};
/* End PBXResourcesBuildPhase section */

/* Begin PBXSourcesBuildPhase section */
		96C473282644BD270003DB76 /* Sources */ = {
			isa = PBXSourcesBuildPhase;
			buildActionMask = 2147483647;
			files = (
				96C473392644BD280003DB76 /* Persistence.swift in Sources */,
				96C4734A2644DBEA0003DB76 /* ItemView.swift in Sources */,
				96727515264545ED004D5380 /* LinkLoanView.swift in Sources */,
				9672751726455188004D5380 /* LinkPaymentView.swift in Sources */,
				96C473452644C6E80003DB76 /* Data.swift in Sources */,
				96C4733C2644BD280003DB76 /* LoanManager.xcdatamodeld in Sources */,
				96C4734C2644E2F30003DB76 /* LoanView.swift in Sources */,
				96C4734E2644E3D10003DB76 /* PaymentView.swift in Sources */,
				96C473322644BD270003DB76 /* ContentView.swift in Sources */,
				96C473302644BD270003DB76 /* LoanManagerApp.swift in Sources */,
			);
			runOnlyForDeploymentPostprocessing = 0;
		};
/* End PBXSourcesBuildPhase section */

/* Begin XCBuildConfiguration section */
		96C4733E2644BD280003DB76 /* Debug */ = {
			isa = XCBuildConfiguration;
			buildSettings = {
				ALWAYS_SEARCH_USER_PATHS = NO;
				CLANG_ANALYZER_NONNULL = YES;
				CLANG_ANALYZER_NUMBER_OBJECT_CONVERSION = YES_AGGRESSIVE;
				CLANG_CXX_LANGUAGE_STANDARD = "gnu++14";
				CLANG_CXX_LIBRARY = "libc++";
				CLANG_ENABLE_MODULES = YES;
				CLANG_ENABLE_OBJC_ARC = YES;
				CLANG_ENABLE_OBJC_WEAK = YES;
				CLANG_WARN_BLOCK_CAPTURE_AUTORELEASING = YES;
				CLANG_WARN_BOOL_CONVERSION = YES;
				CLANG_WARN_COMMA = YES;
				CLANG_WARN_CONSTANT_CONVERSION = YES;
				CLANG_WARN_DEPRECATED_OBJC_IMPLEMENTATIONS = YES;
				CLANG_WARN_DIRECT_OBJC_ISA_USAGE = YES_ERROR;
				CLANG_WARN_DOCUMENTATION_COMMENTS = YES;
				CLANG_WARN_EMPTY_BODY = YES;
				CLANG_WARN_ENUM_CONVERSION = YES;
				CLANG_WARN_INFINITE_RECURSION = YES;
				CLANG_WARN_INT_CONVERSION = YES;
				CLANG_WARN_NON_LITERAL_NULL_CONVERSION = YES;
				CLANG_WARN_OBJC_IMPLICIT_RETAIN_SELF = YES;
				CLANG_WARN_OBJC_LITERAL_CONVERSION = YES;
				CLANG_WARN_OBJC_ROOT_CLASS = YES_ERROR;
				CLANG_WARN_QUOTED_INCLUDE_IN_FRAMEWORK_HEADER = YES;
				CLANG_WARN_RANGE_LOOP_ANALYSIS = YES;
				CLANG_WARN_STRICT_PROTOTYPES = YES;
				CLANG_WARN_SUSPICIOUS_MOVE = YES;
				CLANG_WARN_UNGUARDED_AVAILABILITY = YES_AGGRESSIVE;
				CLANG_WARN_UNREACHABLE_CODE = YES;
				CLANG_WARN__DUPLICATE_METHOD_MATCH = YES;
				COPY_PHASE_STRIP = NO;
				DEBUG_INFORMATION_FORMAT = dwarf;
				ENABLE_STRICT_OBJC_MSGSEND = YES;
				ENABLE_TESTABILITY = YES;
				GCC_C_LANGUAGE_STANDARD = gnu11;
				GCC_DYNAMIC_NO_PIC = NO;
				GCC_NO_COMMON_BLOCKS = YES;
				GCC_OPTIMIZATION_LEVEL = 0;
				GCC_PREPROCESSOR_DEFINITIONS = (
					"DEBUG=1",
					"$(inherited)",
				);
				GCC_WARN_64_TO_32_BIT_CONVERSION = YES;
				GCC_WARN_ABOUT_RETURN_TYPE = YES_ERROR;
				GCC_WARN_UNDECLARED_SELECTOR = YES;
				GCC_WARN_UNINITIALIZED_AUTOS = YES_AGGRESSIVE;
				GCC_WARN_UNUSED_FUNCTION = YES;
				GCC_WARN_UNUSED_VARIABLE = YES;
				IPHONEOS_DEPLOYMENT_TARGET = 14.5;
				MTL_ENABLE_DEBUG_INFO = INCLUDE_SOURCE;
				MTL_FAST_MATH = YES;
				ONLY_ACTIVE_ARCH = YES;
				SDKROOT = iphoneos;
				SWIFT_ACTIVE_COMPILATION_CONDITIONS = DEBUG;
				SWIFT_OPTIMIZATION_LEVEL = "-Onone";
			};
			name = Debug;
		};
		96C4733F2644BD280003DB76 /* Release */ = {
			isa = XCBuildConfiguration;
			buildSettings = {
				ALWAYS_SEARCH_USER_PATHS = NO;
				CLANG_ANALYZER_NONNULL = YES;
				CLANG_ANALYZER_NUMBER_OBJECT_CONVERSION = YES_AGGRESSIVE;
				CLANG_CXX_LANGUAGE_STANDARD = "gnu++14";
				CLANG_CXX_LIBRARY = "libc++";
				CLANG_ENABLE_MODULES = YES;
				CLANG_ENABLE_OBJC_ARC = YES;
				CLANG_ENABLE_OBJC_WEAK = YES;
				CLANG_WARN_BLOCK_CAPTURE_AUTORELEASING = YES;
				CLANG_WARN_BOOL_CONVERSION = YES;
				CLANG_WARN_COMMA = YES;
				CLANG_WARN_CONSTANT_CONVERSION = YES;
				CLANG_WARN_DEPRECATED_OBJC_IMPLEMENTATIONS = YES;
				CLANG_WARN_DIRECT_OBJC_ISA_USAGE = YES_ERROR;
				CLANG_WARN_DOCUMENTATION_COMMENTS = YES;
				CLANG_WARN_EMPTY_BODY = YES;
				CLANG_WARN_ENUM_CONVERSION = YES;
				CLANG_WARN_INFINITE_RECURSION = YES;
				CLANG_WARN_INT_CONVERSION = YES;
				CLANG_WARN_NON_LITERAL_NULL_CONVERSION = YES;
				CLANG_WARN_OBJC_IMPLICIT_RETAIN_SELF = YES;
				CLANG_WARN_OBJC_LITERAL_CONVERSION = YES;
				CLANG_WARN_OBJC_ROOT_CLASS = YES_ERROR;
				CLANG_WARN_QUOTED_INCLUDE_IN_FRAMEWORK_HEADER = YES;
				CLANG_WARN_RANGE_LOOP_ANALYSIS = YES;
				CLANG_WARN_STRICT_PROTOTYPES = YES;
				CLANG_WARN_SUSPICIOUS_MOVE = YES;
				CLANG_WARN_UNGUARDED_AVAILABILITY = YES_AGGRESSIVE;
				CLANG_WARN_UNREACHABLE_CODE = YES;
				CLANG_WARN__DUPLICATE_METHOD_MATCH = YES;
				COPY_PHASE_STRIP = NO;
				DEBUG_INFORMATION_FORMAT = "dwarf-with-dsym";
				ENABLE_NS_ASSERTIONS = NO;
				ENABLE_STRICT_OBJC_MSGSEND = YES;
				GCC_C_LANGUAGE_STANDARD = gnu11;
				GCC_NO_COMMON_BLOCKS = YES;
				GCC_WARN_64_TO_32_BIT_CONVERSION = YES;
				GCC_WARN_ABOUT_RETURN_TYPE = YES_ERROR;
				GCC_WARN_UNDECLARED_SELECTOR = YES;
				GCC_WARN_UNINITIALIZED_AUTOS = YES_AGGRESSIVE;
				GCC_WARN_UNUSED_FUNCTION = YES;
				GCC_WARN_UNUSED_VARIABLE = YES;
				IPHONEOS_DEPLOYMENT_TARGET = 14.5;
				MTL_ENABLE_DEBUG_INFO = NO;
				MTL_FAST_MATH = YES;
				SDKROOT = iphoneos;
				SWIFT_COMPILATION_MODE = wholemodule;
				SWIFT_OPTIMIZATION_LEVEL = "-O";
				VALIDATE_PRODUCT = YES;
			};
			name = Release;
		};
		96C473412644BD280003DB76 /* Debug */ = {
			isa = XCBuildConfiguration;
			buildSettings = {
				ASSETCATALOG_COMPILER_APPICON_NAME = AppIcon;
				ASSETCATALOG_COMPILER_GLOBAL_ACCENT_COLOR_NAME = AccentColor;
				CODE_SIGN_STYLE = Automatic;
				DEVELOPMENT_ASSET_PATHS = "\"LoanManager/Preview Content\"";
				DEVELOPMENT_TEAM = 5PXM46LJJF;
				ENABLE_PREVIEWS = YES;
				INFOPLIST_FILE = LoanManager/Info.plist;
				IPHONEOS_DEPLOYMENT_TARGET = 14.0;
				LD_RUNPATH_SEARCH_PATHS = (
					"$(inherited)",
					"@executable_path/Frameworks",
				);
				PRODUCT_BUNDLE_IDENTIFIER = PQR.LoanManager;
				PRODUCT_NAME = "$(TARGET_NAME)";
				SWIFT_VERSION = 5.0;
				TARGETED_DEVICE_FAMILY = "1,2";
			};
			name = Debug;
		};
		96C473422644BD280003DB76 /* Release */ = {
			isa = XCBuildConfiguration;
			buildSettings = {
				ASSETCATALOG_COMPILER_APPICON_NAME = AppIcon;
				ASSETCATALOG_COMPILER_GLOBAL_ACCENT_COLOR_NAME = AccentColor;
				CODE_SIGN_STYLE = Automatic;
				DEVELOPMENT_ASSET_PATHS = "\"LoanManager/Preview Content\"";
				DEVELOPMENT_TEAM = 5PXM46LJJF;
				ENABLE_PREVIEWS = YES;
				INFOPLIST_FILE = LoanManager/Info.plist;
				IPHONEOS_DEPLOYMENT_TARGET = 14.0;
				LD_RUNPATH_SEARCH_PATHS = (
					"$(inherited)",
					"@executable_path/Frameworks",
				);
				PRODUCT_BUNDLE_IDENTIFIER = PQR.LoanManager;
				PRODUCT_NAME = "$(TARGET_NAME)";
				SWIFT_VERSION = 5.0;
				TARGETED_DEVICE_FAMILY = "1,2";
			};
			name = Release;
		};
/* End XCBuildConfiguration section */

/* Begin XCConfigurationList section */
		96C473272644BD270003DB76 /* Build configuration list for PBXProject "LoanManager" */ = {
			isa = XCConfigurationList;
			buildConfigurations = (
				96C4733E2644BD280003DB76 /* Debug */,
				96C4733F2644BD280003DB76 /* Release */,
			);
			defaultConfigurationIsVisible = 0;
			defaultConfigurationName = Release;
		};
		96C473402644BD280003DB76 /* Build configuration list for PBXNativeTarget "LoanManager" */ = {
			isa = XCConfigurationList;
			buildConfigurations = (
				96C473412644BD280003DB76 /* Debug */,
				96C473422644BD280003DB76 /* Release */,
			);
			defaultConfigurationIsVisible = 0;
			defaultConfigurationName = Release;
		};
/* End XCConfigurationList section */

/* Begin XCVersionGroup section */
		96C4733A2644BD280003DB76 /* LoanManager.xcdatamodeld */ = {
			isa = XCVersionGroup;
			children = (
				96C4733B2644BD280003DB76 /* LoanManager.xcdatamodel */,
			);
			currentVersion = 96C4733B2644BD280003DB76 /* LoanManager.xcdatamodel */;
			path = LoanManager.xcdatamodeld;
			sourceTree = "<group>";
			versionGroupType = wrapper.xcdatamodel;
		};
/* End XCVersionGroup section */
	};
	rootObject = 96C473242644BD270003DB76 /* Project object */;
}
